
Microsoft Visual Studio Solution File, Format Version 12.00
Project("{FAE04EC0-301F-11D3-BF4B-00C04F79EFBC}") = "PacaLab4", "PacaLab4\PacaLab4.csproj", "{0905CA92-EBB2-4A70-A2DB-29AEC4FB8805}"
EndProject
Global
	GlobalSection(SolutionConfigurationPlatforms) = preSolution
		Debug|Any CPU = Debug|Any CPU
		Release|Any CPU = Release|Any CPU
	EndGlobalSection
	GlobalSection(ProjectConfigurationPlatforms) = postSolution
		{0905CA92-EBB2-4A70-A2DB-29AEC4FB8805}.Debug|Any CPU.ActiveCfg = Debug|Any CPU
		{0905CA92-EBB2-4A70-A2DB-29AEC4FB8805}.Debug|Any CPU.Build.0 = Debug|Any CPU
		{0905CA92-EBB2-4A70-A2DB-29AEC4FB8805}.Release|Any CPU.ActiveCfg = Release|Any CPU
		{0905CA92-EBB2-4A70-A2DB-29AEC4FB8805}.Release|Any CPU.Build.0 = Release|Any CPU
	EndGlobalSection
EndGlobal
